{
  "requires": true,
  "lockfileVersion": 1,
  "dependencies": {
    "react-native-xmpp": {
      "version": "0.6.0",
      "resolved": "https://registry.npmjs.org/react-native-xmpp/-/react-native-xmpp-0.6.0.tgz",
      "integrity": "sha512-h6ASQVORx+BP5RwqxHVSY/4j4Qo3hZyVxfn0UhC/WiKevF7K62VzU2jRLTL4lWysOe0B9B2Gkxc6Cp/EVc7eVA=="
    }
  }
}
